
Microsoft Visual Studio Solution File, Format Version 12.00
# Visual Studio Version 17
VisualStudioVersion = 17.9.34728.123
MinimumVisualStudioVersion = 10.0.40219.1
Project("{9A19103F-16F7-4668-BE54-9A1E7A4F7556}") = "SokanAcademy", "SokanAcademy.csproj", "{AA02E695-C87D-4EC1-9B4C-198262880C29}"
EndProject
Global
	GlobalSection(SolutionConfigurationPlatforms) = preSolution
		Debug|Any CPU = Debug|Any CPU
		Release|Any CPU = Release|Any CPU
	EndGlobalSection
	GlobalSection(ProjectConfigurationPlatforms) = postSolution
		{AA02E695-C87D-4EC1-9B4C-198262880C29}.Debug|Any CPU.ActiveCfg = Debug|Any CPU
		{AA02E695-C87D-4EC1-9B4C-198262880C29}.Debug|Any CPU.Build.0 = Debug|Any CPU
		{AA02E695-C87D-4EC1-9B4C-198262880C29}.Release|Any CPU.ActiveCfg = Release|Any CPU
		{AA02E695-C87D-4EC1-9B4C-198262880C29}.Release|Any CPU.Build.0 = Release|Any CPU
	EndGlobalSection
	GlobalSection(SolutionProperties) = preSolution
		HideSolutionNode = FALSE
	EndGlobalSection
	GlobalSection(ExtensibilityGlobals) = postSolution
		SolutionGuid = {2F38CE9E-EA5B-4742-9C9D-5E5EA626F386}
	EndGlobalSection
EndGlobal
